{
  "name": "faq-builder",
  "version": "1.0.0",
  "lockfileVersion": 1,
  "requires": true,
  "dependencies": {
    "file-get-contents": {
      "version": "1.0.0",
      "resolved": "https://registry.npmjs.org/file-get-contents/-/file-get-contents-1.0.0.tgz",
      "integrity": "sha512-SkLmOoekyI9UpZ9i/kUVnMvntTO/lGfoLXRVc54JSKrJOU/jUdPwHXkdfK64d1HlXvNcZwSdlr2melO2PwvMGg=="
    }
  }
}
